
Microsoft Visual Studio Solution File, Format Version 12.00
# Visual Studio 14
VisualStudioVersion = 14.0.25420.1
MinimumVisualStudioVersion = 10.0.40219.1
Project("{FAE04EC0-301F-11D3-BF4B-00C04F79EFBC}") = "PAYNLSDK", "PAYNLSDK\PAYNLSDK.csproj", "{AE95E452-C622-44A3-81F3-BEEDBAA18CE3}"
EndProject
Project("{FAE04EC0-301F-11D3-BF4B-00C04F79EFBC}") = "PAYNLFormsApp", "PAYNLFormsApp\PAYNLFormsApp.csproj", "{6D6D7430-DF23-4A29-9C64-2EF056D99A4A}"
EndProject
Project("{FAE04EC0-301F-11D3-BF4B-00C04F79EFBC}") = "PAYNLSDKNetStandard", "PAYNLSDKNetStandard\PAYNLSDKNetStandard.csproj", "{4BB997F9-6C90-4B1B-87AB-58B3A84C88BF}"
EndProject
Global
	GlobalSection(SolutionConfigurationPlatforms) = preSolution
		Debug|Any CPU = Debug|Any CPU
		Release|Any CPU = Release|Any CPU
	EndGlobalSection
	GlobalSection(ProjectConfigurationPlatforms) = postSolution
		{AE95E452-C622-44A3-81F3-BEEDBAA18CE3}.Debug|Any CPU.ActiveCfg = Debug|Any CPU
		{AE95E452-C622-44A3-81F3-BEEDBAA18CE3}.Debug|Any CPU.Build.0 = Debug|Any CPU
		{AE95E452-C622-44A3-81F3-BEEDBAA18CE3}.Release|Any CPU.ActiveCfg = Release|Any CPU
		{AE95E452-C622-44A3-81F3-BEEDBAA18CE3}.Release|Any CPU.Build.0 = Release|Any CPU
		{6D6D7430-DF23-4A29-9C64-2EF056D99A4A}.Debug|Any CPU.ActiveCfg = Debug|Any CPU
		{6D6D7430-DF23-4A29-9C64-2EF056D99A4A}.Debug|Any CPU.Build.0 = Debug|Any CPU
		{6D6D7430-DF23-4A29-9C64-2EF056D99A4A}.Release|Any CPU.ActiveCfg = Release|Any CPU
		{6D6D7430-DF23-4A29-9C64-2EF056D99A4A}.Release|Any CPU.Build.0 = Release|Any CPU
		{4BB997F9-6C90-4B1B-87AB-58B3A84C88BF}.Debug|Any CPU.ActiveCfg = Debug|Any CPU
		{4BB997F9-6C90-4B1B-87AB-58B3A84C88BF}.Debug|Any CPU.Build.0 = Debug|Any CPU
		{4BB997F9-6C90-4B1B-87AB-58B3A84C88BF}.Release|Any CPU.ActiveCfg = Release|Any CPU
		{4BB997F9-6C90-4B1B-87AB-58B3A84C88BF}.Release|Any CPU.Build.0 = Release|Any CPU
	EndGlobalSection
	GlobalSection(SolutionProperties) = preSolution
		HideSolutionNode = FALSE
	EndGlobalSection
EndGlobal
